
Microsoft Visual Studio Solution File, Format Version 12.00
Project("{FAE04EC0-301F-11D3-BF4B-00C04F79EFBC}") = "AdventOfCode", "AdventOfCode\AdventOfCode.csproj", "{9531D696-39C6-46CD-A49E-2F98AF1F0E9F}"
EndProject
Project("{FAE04EC0-301F-11D3-BF4B-00C04F79EFBC}") = "Day1", "Day1\Day1.csproj", "{AC0594B3-10E5-428C-87C4-A6B9E5B15B23}"
EndProject
Project("{FAE04EC0-301F-11D3-BF4B-00C04F79EFBC}") = "Day1.Test", "Day1.Test\Day1.Test.csproj", "{B9120455-58BB-417D-870A-C496B4F6583E}"
EndProject
Project("{FAE04EC0-301F-11D3-BF4B-00C04F79EFBC}") = "Day2.Test", "Day2.Test\Day2.Test.csproj", "{4BF6C30D-BFA3-4B51-85AE-DC6493BC51FC}"
EndProject
Project("{FAE04EC0-301F-11D3-BF4B-00C04F79EFBC}") = "Day2", "Day2\Day2.csproj", "{1DE0574F-F64A-4266-A7BC-18343C42F6D1}"
EndProject
Project("{FAE04EC0-301F-11D3-BF4B-00C04F79EFBC}") = "Day3", "Day3\Day3.csproj", "{2CB9982E-A646-4368-BEA8-688FD333FD93}"
EndProject
Project("{FAE04EC0-301F-11D3-BF4B-00C04F79EFBC}") = "Day3.Test", "Day3.Test\Day3.Test.csproj", "{03494969-65A0-4C5B-92CA-A847AC97CB33}"
EndProject
Project("{FAE04EC0-301F-11D3-BF4B-00C04F79EFBC}") = "Day4", "Day4\Day4.csproj", "{7554D5B0-7774-4B2F-BBDA-788DC2F3AF66}"
EndProject
Project("{FAE04EC0-301F-11D3-BF4B-00C04F79EFBC}") = "Day4.Test", "Day4.Test\Day4.Test.csproj", "{D715C949-F3C3-448D-A67A-04A7D5C52EC9}"
EndProject
Project("{FAE04EC0-301F-11D3-BF4B-00C04F79EFBC}") = "Day5", "Day5\Day5.csproj", "{B6B1EF4F-AA67-4E43-A49D-09EBC2C7DA73}"
EndProject
Project("{FAE04EC0-301F-11D3-BF4B-00C04F79EFBC}") = "Day5.Test", "Day5.Test\Day5.Test.csproj", "{7B09FFA8-B507-4D2B-B79A-2ED7C89179E3}"
EndProject
Project("{FAE04EC0-301F-11D3-BF4B-00C04F79EFBC}") = "Day6.Test", "Day6.Test\Day6.Test.csproj", "{1D4D141F-DE38-4097-854C-F8349ABC80F2}"
EndProject
Project("{FAE04EC0-301F-11D3-BF4B-00C04F79EFBC}") = "Day6", "Day6\Day6.csproj", "{3FFD9584-DBA5-4A75-92F8-FF54AD6DB10F}"
EndProject
Project("{FAE04EC0-301F-11D3-BF4B-00C04F79EFBC}") = "Day8.Test", "Day8.Test\Day8.Test.csproj", "{D29BC580-6A90-4728-947A-0AA272711F80}"
EndProject
Project("{FAE04EC0-301F-11D3-BF4B-00C04F79EFBC}") = "Day8", "Day8\Day8.csproj", "{A2AA05D4-4EA0-4A1B-9D29-17FFFA809AE5}"
EndProject
Project("{FAE04EC0-301F-11D3-BF4B-00C04F79EFBC}") = "Day7", "Day7\Day7.csproj", "{2D42FBF3-1B77-400F-B61E-28FF536E9EC5}"
EndProject
Project("{FAE04EC0-301F-11D3-BF4B-00C04F79EFBC}") = "Day7.Test", "Day7.Test\Day7.Test.csproj", "{42569644-010F-437A-B427-E866859997FA}"
EndProject
Global
	GlobalSection(SolutionConfigurationPlatforms) = preSolution
		Debug|Any CPU = Debug|Any CPU
		Release|Any CPU = Release|Any CPU
	EndGlobalSection
	GlobalSection(ProjectConfigurationPlatforms) = postSolution
		{9531D696-39C6-46CD-A49E-2F98AF1F0E9F}.Debug|Any CPU.ActiveCfg = Debug|Any CPU
		{9531D696-39C6-46CD-A49E-2F98AF1F0E9F}.Debug|Any CPU.Build.0 = Debug|Any CPU
		{9531D696-39C6-46CD-A49E-2F98AF1F0E9F}.Release|Any CPU.ActiveCfg = Release|Any CPU
		{9531D696-39C6-46CD-A49E-2F98AF1F0E9F}.Release|Any CPU.Build.0 = Release|Any CPU
		{AC0594B3-10E5-428C-87C4-A6B9E5B15B23}.Debug|Any CPU.ActiveCfg = Debug|Any CPU
		{AC0594B3-10E5-428C-87C4-A6B9E5B15B23}.Debug|Any CPU.Build.0 = Debug|Any CPU
		{AC0594B3-10E5-428C-87C4-A6B9E5B15B23}.Release|Any CPU.ActiveCfg = Release|Any CPU
		{AC0594B3-10E5-428C-87C4-A6B9E5B15B23}.Release|Any CPU.Build.0 = Release|Any CPU
		{B9120455-58BB-417D-870A-C496B4F6583E}.Debug|Any CPU.ActiveCfg = Debug|Any CPU
		{B9120455-58BB-417D-870A-C496B4F6583E}.Debug|Any CPU.Build.0 = Debug|Any CPU
		{B9120455-58BB-417D-870A-C496B4F6583E}.Release|Any CPU.ActiveCfg = Release|Any CPU
		{B9120455-58BB-417D-870A-C496B4F6583E}.Release|Any CPU.Build.0 = Release|Any CPU
		{4BF6C30D-BFA3-4B51-85AE-DC6493BC51FC}.Debug|Any CPU.ActiveCfg = Debug|Any CPU
		{4BF6C30D-BFA3-4B51-85AE-DC6493BC51FC}.Debug|Any CPU.Build.0 = Debug|Any CPU
		{4BF6C30D-BFA3-4B51-85AE-DC6493BC51FC}.Release|Any CPU.ActiveCfg = Release|Any CPU
		{4BF6C30D-BFA3-4B51-85AE-DC6493BC51FC}.Release|Any CPU.Build.0 = Release|Any CPU
		{1DE0574F-F64A-4266-A7BC-18343C42F6D1}.Debug|Any CPU.ActiveCfg = Debug|Any CPU
		{1DE0574F-F64A-4266-A7BC-18343C42F6D1}.Debug|Any CPU.Build.0 = Debug|Any CPU
		{1DE0574F-F64A-4266-A7BC-18343C42F6D1}.Release|Any CPU.ActiveCfg = Release|Any CPU
		{1DE0574F-F64A-4266-A7BC-18343C42F6D1}.Release|Any CPU.Build.0 = Release|Any CPU
		{2CB9982E-A646-4368-BEA8-688FD333FD93}.Debug|Any CPU.ActiveCfg = Debug|Any CPU
		{2CB9982E-A646-4368-BEA8-688FD333FD93}.Debug|Any CPU.Build.0 = Debug|Any CPU
		{2CB9982E-A646-4368-BEA8-688FD333FD93}.Release|Any CPU.ActiveCfg = Release|Any CPU
		{2CB9982E-A646-4368-BEA8-688FD333FD93}.Release|Any CPU.Build.0 = Release|Any CPU
		{03494969-65A0-4C5B-92CA-A847AC97CB33}.Debug|Any CPU.ActiveCfg = Debug|Any CPU
		{03494969-65A0-4C5B-92CA-A847AC97CB33}.Debug|Any CPU.Build.0 = Debug|Any CPU
		{03494969-65A0-4C5B-92CA-A847AC97CB33}.Release|Any CPU.ActiveCfg = Release|Any CPU
		{03494969-65A0-4C5B-92CA-A847AC97CB33}.Release|Any CPU.Build.0 = Release|Any CPU
		{7554D5B0-7774-4B2F-BBDA-788DC2F3AF66}.Debug|Any CPU.ActiveCfg = Debug|Any CPU
		{7554D5B0-7774-4B2F-BBDA-788DC2F3AF66}.Debug|Any CPU.Build.0 = Debug|Any CPU
		{7554D5B0-7774-4B2F-BBDA-788DC2F3AF66}.Release|Any CPU.ActiveCfg = Release|Any CPU
		{7554D5B0-7774-4B2F-BBDA-788DC2F3AF66}.Release|Any CPU.Build.0 = Release|Any CPU
		{D715C949-F3C3-448D-A67A-04A7D5C52EC9}.Debug|Any CPU.ActiveCfg = Debug|Any CPU
		{D715C949-F3C3-448D-A67A-04A7D5C52EC9}.Debug|Any CPU.Build.0 = Debug|Any CPU
		{D715C949-F3C3-448D-A67A-04A7D5C52EC9}.Release|Any CPU.ActiveCfg = Release|Any CPU
		{D715C949-F3C3-448D-A67A-04A7D5C52EC9}.Release|Any CPU.Build.0 = Release|Any CPU
		{B6B1EF4F-AA67-4E43-A49D-09EBC2C7DA73}.Debug|Any CPU.ActiveCfg = Debug|Any CPU
		{B6B1EF4F-AA67-4E43-A49D-09EBC2C7DA73}.Debug|Any CPU.Build.0 = Debug|Any CPU
		{B6B1EF4F-AA67-4E43-A49D-09EBC2C7DA73}.Release|Any CPU.ActiveCfg = Release|Any CPU
		{B6B1EF4F-AA67-4E43-A49D-09EBC2C7DA73}.Release|Any CPU.Build.0 = Release|Any CPU
		{7B09FFA8-B507-4D2B-B79A-2ED7C89179E3}.Debug|Any CPU.ActiveCfg = Debug|Any CPU
		{7B09FFA8-B507-4D2B-B79A-2ED7C89179E3}.Debug|Any CPU.Build.0 = Debug|Any CPU
		{7B09FFA8-B507-4D2B-B79A-2ED7C89179E3}.Release|Any CPU.ActiveCfg = Release|Any CPU
		{7B09FFA8-B507-4D2B-B79A-2ED7C89179E3}.Release|Any CPU.Build.0 = Release|Any CPU
		{1D4D141F-DE38-4097-854C-F8349ABC80F2}.Debug|Any CPU.ActiveCfg = Debug|Any CPU
		{1D4D141F-DE38-4097-854C-F8349ABC80F2}.Debug|Any CPU.Build.0 = Debug|Any CPU
		{1D4D141F-DE38-4097-854C-F8349ABC80F2}.Release|Any CPU.ActiveCfg = Release|Any CPU
		{1D4D141F-DE38-4097-854C-F8349ABC80F2}.Release|Any CPU.Build.0 = Release|Any CPU
		{3FFD9584-DBA5-4A75-92F8-FF54AD6DB10F}.Debug|Any CPU.ActiveCfg = Debug|Any CPU
		{3FFD9584-DBA5-4A75-92F8-FF54AD6DB10F}.Debug|Any CPU.Build.0 = Debug|Any CPU
		{3FFD9584-DBA5-4A75-92F8-FF54AD6DB10F}.Release|Any CPU.ActiveCfg = Release|Any CPU
		{3FFD9584-DBA5-4A75-92F8-FF54AD6DB10F}.Release|Any CPU.Build.0 = Release|Any CPU
		{D29BC580-6A90-4728-947A-0AA272711F80}.Debug|Any CPU.ActiveCfg = Debug|Any CPU
		{D29BC580-6A90-4728-947A-0AA272711F80}.Debug|Any CPU.Build.0 = Debug|Any CPU
		{D29BC580-6A90-4728-947A-0AA272711F80}.Release|Any CPU.ActiveCfg = Release|Any CPU
		{D29BC580-6A90-4728-947A-0AA272711F80}.Release|Any CPU.Build.0 = Release|Any CPU
		{A2AA05D4-4EA0-4A1B-9D29-17FFFA809AE5}.Debug|Any CPU.ActiveCfg = Debug|Any CPU
		{A2AA05D4-4EA0-4A1B-9D29-17FFFA809AE5}.Debug|Any CPU.Build.0 = Debug|Any CPU
		{A2AA05D4-4EA0-4A1B-9D29-17FFFA809AE5}.Release|Any CPU.ActiveCfg = Release|Any CPU
		{A2AA05D4-4EA0-4A1B-9D29-17FFFA809AE5}.Release|Any CPU.Build.0 = Release|Any CPU
		{2D42FBF3-1B77-400F-B61E-28FF536E9EC5}.Debug|Any CPU.ActiveCfg = Debug|Any CPU
		{2D42FBF3-1B77-400F-B61E-28FF536E9EC5}.Debug|Any CPU.Build.0 = Debug|Any CPU
		{2D42FBF3-1B77-400F-B61E-28FF536E9EC5}.Release|Any CPU.ActiveCfg = Release|Any CPU
		{2D42FBF3-1B77-400F-B61E-28FF536E9EC5}.Release|Any CPU.Build.0 = Release|Any CPU
		{42569644-010F-437A-B427-E866859997FA}.Debug|Any CPU.ActiveCfg = Debug|Any CPU
		{42569644-010F-437A-B427-E866859997FA}.Debug|Any CPU.Build.0 = Debug|Any CPU
		{42569644-010F-437A-B427-E866859997FA}.Release|Any CPU.ActiveCfg = Release|Any CPU
		{42569644-010F-437A-B427-E866859997FA}.Release|Any CPU.Build.0 = Release|Any CPU
	EndGlobalSection
EndGlobal
